
Microsoft Visual Studio Solution File, Format Version 12.00
# Visual Studio Version 17
VisualStudioVersion = 17.8.34219.65
MinimumVisualStudioVersion = 10.0.40219.1
Project("{9A19103F-16F7-4668-BE54-9A1E7A4F7556}") = "Actions etc", "Actions etc\Actions etc.csproj", "{71EA1651-4CB6-4C7E-8E68-B9D4FD18807A}"
EndProject
Project("{9A19103F-16F7-4668-BE54-9A1E7A4F7556}") = "Dictionary", "Dictionary\Dictionary.csproj", "{0DFD359D-036A-4458-B938-006737012452}"
EndProject
Project("{9A19103F-16F7-4668-BE54-9A1E7A4F7556}") = "IsNickCreatingYouberVideos", "IsNickCreatingYouberVideos\IsNickCreatingYouberVideos.csproj", "{5A9E7B56-E423-48DB-8E17-C670E71B93E7}"
EndProject
Project("{9A19103F-16F7-4668-BE54-9A1E7A4F7556}") = "Interpolation", "Interpolation\Interpolation.csproj", "{8F550F97-116D-4542-A724-169EDD46CB8A}"
EndProject
Project("{9A19103F-16F7-4668-BE54-9A1E7A4F7556}") = "AnyCountAndLinq", "AnyCountAndLinq\AnyCountAndLinq.csproj", "{6CD24E41-30C0-4817-BBB0-A94FC7BE8CA4}"
EndProject
Project("{9A19103F-16F7-4668-BE54-9A1E7A4F7556}") = "Bogus", "Bogus\Bogus.csproj", "{F6A5E6A2-0138-420A-9933-CF1897998020}"
EndProject
Project("{9A19103F-16F7-4668-BE54-9A1E7A4F7556}") = "AsyncTask", "AsyncTask\AsyncTask.csproj", "{29D07871-DB36-4A75-996B-2F01A61C5C3C}"
EndProject
Project("{9A19103F-16F7-4668-BE54-9A1E7A4F7556}") = "LoggerFeatures", "LoggerFeatures\LoggerFeatures.csproj", "{EA5BED7A-A80A-4FCE-91E6-B722A9DF4AF6}"
EndProject
<<<<<<< HEAD
Project("{9A19103F-16F7-4668-BE54-9A1E7A4F7556}") = "ExplicitOperators", "ExplicitOperators\ExplicitOperators.csproj", "{7C53D78E-14C3-440C-995E-ECDCDC9FCA85}"
EndProject
Project("{9A19103F-16F7-4668-BE54-9A1E7A4F7556}") = "AllocatedMemory", "AllocatedMemory\AllocatedMemory.csproj", "{C2A761A8-A02A-45C3-B05F-1572EE765CBB}"
EndProject
Project("{9A19103F-16F7-4668-BE54-9A1E7A4F7556}") = "Option", "Option\Option.csproj", "{0A86D3E1-1F37-4A8C-821C-E9F7AF519E03}"
EndProject
Project("{9A19103F-16F7-4668-BE54-9A1E7A4F7556}") = "ParallelFor", "ParallelFor\ParallelFor.csproj", "{AB3C1EA8-1D4F-485A-B433-76219B1759C9}"
EndProject
Project("{9A19103F-16F7-4668-BE54-9A1E7A4F7556}") = "Span", "Span\Span.csproj", "{6480B9B0-9679-4363-A0CE-EA0D3058A542}"
EndProject
Project("{FAE04EC0-301F-11D3-BF4B-00C04F79EFBC}") = "BuilderClass", "BuilderClass\BuilderClass.csproj", "{873A0E5D-9DCE-4875-94B1-68110C5678EC}"
EndProject
Project("{FAE04EC0-301F-11D3-BF4B-00C04F79EFBC}") = "EnumTramp", "EnumTramp\EnumTramp.csproj", "{0F36066F-52AA-4B72-A401-8C11C69162EC}"
=======
Project("{2150E333-8FDC-42A3-9474-1A3956D46DE8}") = "CleanArchitecture", "CleanArchitecture", "{EE91AEB7-C2A5-40BD-A7B5-14B1CE0BDE03}"
EndProject
Project("{2150E333-8FDC-42A3-9474-1A3956D46DE8}") = "src", "src", "{B51450A4-6EC7-49D2-B648-072349F4CCFB}"
EndProject
Project("{2150E333-8FDC-42A3-9474-1A3956D46DE8}") = "tests", "tests", "{11801622-304B-4EEA-A8B8-53AA3938D481}"
EndProject
Project("{9A19103F-16F7-4668-BE54-9A1E7A4F7556}") = "Application", "Application\Application.csproj", "{4F8C9F91-292E-46D7-A3A1-AFFE72CDB9FA}"
EndProject
Project("{9A19103F-16F7-4668-BE54-9A1E7A4F7556}") = "Domain", "Domain\Domain.csproj", "{60C4F980-64D0-4F16-91CF-D1EBAFDDBE3F}"
EndProject
Project("{9A19103F-16F7-4668-BE54-9A1E7A4F7556}") = "Infrastructure", "Infrastructure\Infrastructure.csproj", "{DFC15174-972A-4ABC-BEE5-F1304237BF59}"
EndProject
Project("{9A19103F-16F7-4668-BE54-9A1E7A4F7556}") = "WebUI", "WebUI\WebUI.csproj", "{03768441-FB92-4704-932F-71E4BA166ABC}"
EndProject
Project("{9A19103F-16F7-4668-BE54-9A1E7A4F7556}") = "TheElseKeyword", "TheElseKeyword\TheElseKeyword.csproj", "{77E141F9-1823-4958-8038-A1DAB2A6F733}"
EndProject
Project("{2150E333-8FDC-42A3-9474-1A3956D46DE8}") = "Aspire", "Aspire", "{03B94E91-BFBD-44B1-ABCF-DEB9137F1357}"
EndProject
Project("{9A19103F-16F7-4668-BE54-9A1E7A4F7556}") = "WebApp", "WebApp\WebApp.csproj", "{91554AB5-C69D-4728-908B-3A291EA0CCAD}"
EndProject
Project("{9A19103F-16F7-4668-BE54-9A1E7A4F7556}") = "WebAPI", "WebAPI\WebAPI.csproj", "{2B2C4F45-72AB-4DCC-99C9-39ACD99DAF4E}"
EndProject
Project("{FAE04EC0-301F-11D3-BF4B-00C04F79EFBC}") = "AspireApp.AppHost", "AspireApp\AspireApp.AppHost\AspireApp.AppHost.csproj", "{F3C0DA1B-4189-4532-9DA3-0B43435CFD2D}"
EndProject
Project("{9A19103F-16F7-4668-BE54-9A1E7A4F7556}") = "AspireApp.ServiceDefaults", "AspireApp\AspireApp.ServiceDefaults\AspireApp.ServiceDefaults.csproj", "{B382375B-7FE7-42F7-8561-EBF0A05B298D}"
EndProject
Project("{2150E333-8FDC-42A3-9474-1A3956D46DE8}") = "MassTransient", "MassTransient", "{44AF81CF-BD65-4539-AD19-E618B873F9C1}"
EndProject
Project("{FAE04EC0-301F-11D3-BF4B-00C04F79EFBC}") = "MassTransitDemo", "MassTransitDemo\MassTransitDemo.csproj", "{8D813AFA-0165-4BCE-AD87-3EA87A08842C}"
EndProject
Project("{FAE04EC0-301F-11D3-BF4B-00C04F79EFBC}") = "TesteConsole", "TesteConsole\TesteConsole.csproj", "{859C288B-893F-4AA8-A02B-C6D4AD00C737}"
EndProject
Project("{FAE04EC0-301F-11D3-BF4B-00C04F79EFBC}") = "MyOwnToolCli", "MyOwnToolCli\MyOwnToolCli.csproj", "{D536946D-BDF6-4A84-BB86-E6876B4149AB}"
EndProject
Project("{FAE04EC0-301F-11D3-BF4B-00C04F79EFBC}") = "RecordType", "RecordType\RecordType.csproj", "{F00DB07B-5980-4D22-8C68-D494D3CA3484}"
>>>>>>> 213a163982977ef8a0201d427b2555b7089f5f90
EndProject
Global
	GlobalSection(SolutionConfigurationPlatforms) = preSolution
		Debug|Any CPU = Debug|Any CPU
		Release|Any CPU = Release|Any CPU
	EndGlobalSection
	GlobalSection(ProjectConfigurationPlatforms) = postSolution
		{71EA1651-4CB6-4C7E-8E68-B9D4FD18807A}.Debug|Any CPU.ActiveCfg = Debug|Any CPU
		{71EA1651-4CB6-4C7E-8E68-B9D4FD18807A}.Debug|Any CPU.Build.0 = Debug|Any CPU
		{71EA1651-4CB6-4C7E-8E68-B9D4FD18807A}.Release|Any CPU.ActiveCfg = Release|Any CPU
		{71EA1651-4CB6-4C7E-8E68-B9D4FD18807A}.Release|Any CPU.Build.0 = Release|Any CPU
		{0DFD359D-036A-4458-B938-006737012452}.Debug|Any CPU.ActiveCfg = Debug|Any CPU
		{0DFD359D-036A-4458-B938-006737012452}.Debug|Any CPU.Build.0 = Debug|Any CPU
		{0DFD359D-036A-4458-B938-006737012452}.Release|Any CPU.ActiveCfg = Release|Any CPU
		{0DFD359D-036A-4458-B938-006737012452}.Release|Any CPU.Build.0 = Release|Any CPU
		{5A9E7B56-E423-48DB-8E17-C670E71B93E7}.Debug|Any CPU.ActiveCfg = Debug|Any CPU
		{5A9E7B56-E423-48DB-8E17-C670E71B93E7}.Debug|Any CPU.Build.0 = Debug|Any CPU
		{5A9E7B56-E423-48DB-8E17-C670E71B93E7}.Release|Any CPU.ActiveCfg = Release|Any CPU
		{5A9E7B56-E423-48DB-8E17-C670E71B93E7}.Release|Any CPU.Build.0 = Release|Any CPU
		{8F550F97-116D-4542-A724-169EDD46CB8A}.Debug|Any CPU.ActiveCfg = Debug|Any CPU
		{8F550F97-116D-4542-A724-169EDD46CB8A}.Debug|Any CPU.Build.0 = Debug|Any CPU
		{8F550F97-116D-4542-A724-169EDD46CB8A}.Release|Any CPU.ActiveCfg = Release|Any CPU
		{8F550F97-116D-4542-A724-169EDD46CB8A}.Release|Any CPU.Build.0 = Release|Any CPU
		{6CD24E41-30C0-4817-BBB0-A94FC7BE8CA4}.Debug|Any CPU.ActiveCfg = Debug|Any CPU
		{6CD24E41-30C0-4817-BBB0-A94FC7BE8CA4}.Debug|Any CPU.Build.0 = Debug|Any CPU
		{6CD24E41-30C0-4817-BBB0-A94FC7BE8CA4}.Release|Any CPU.ActiveCfg = Release|Any CPU
		{6CD24E41-30C0-4817-BBB0-A94FC7BE8CA4}.Release|Any CPU.Build.0 = Release|Any CPU
		{F6A5E6A2-0138-420A-9933-CF1897998020}.Debug|Any CPU.ActiveCfg = Debug|Any CPU
		{F6A5E6A2-0138-420A-9933-CF1897998020}.Debug|Any CPU.Build.0 = Debug|Any CPU
		{F6A5E6A2-0138-420A-9933-CF1897998020}.Release|Any CPU.ActiveCfg = Release|Any CPU
		{F6A5E6A2-0138-420A-9933-CF1897998020}.Release|Any CPU.Build.0 = Release|Any CPU
		{29D07871-DB36-4A75-996B-2F01A61C5C3C}.Debug|Any CPU.ActiveCfg = Debug|Any CPU
		{29D07871-DB36-4A75-996B-2F01A61C5C3C}.Debug|Any CPU.Build.0 = Debug|Any CPU
		{29D07871-DB36-4A75-996B-2F01A61C5C3C}.Release|Any CPU.ActiveCfg = Release|Any CPU
		{29D07871-DB36-4A75-996B-2F01A61C5C3C}.Release|Any CPU.Build.0 = Release|Any CPU
		{EA5BED7A-A80A-4FCE-91E6-B722A9DF4AF6}.Debug|Any CPU.ActiveCfg = Debug|Any CPU
		{EA5BED7A-A80A-4FCE-91E6-B722A9DF4AF6}.Debug|Any CPU.Build.0 = Debug|Any CPU
		{EA5BED7A-A80A-4FCE-91E6-B722A9DF4AF6}.Release|Any CPU.ActiveCfg = Release|Any CPU
		{EA5BED7A-A80A-4FCE-91E6-B722A9DF4AF6}.Release|Any CPU.Build.0 = Release|Any CPU
<<<<<<< HEAD
		{7C53D78E-14C3-440C-995E-ECDCDC9FCA85}.Debug|Any CPU.ActiveCfg = Debug|Any CPU
		{7C53D78E-14C3-440C-995E-ECDCDC9FCA85}.Debug|Any CPU.Build.0 = Debug|Any CPU
		{7C53D78E-14C3-440C-995E-ECDCDC9FCA85}.Release|Any CPU.ActiveCfg = Release|Any CPU
		{7C53D78E-14C3-440C-995E-ECDCDC9FCA85}.Release|Any CPU.Build.0 = Release|Any CPU
		{C2A761A8-A02A-45C3-B05F-1572EE765CBB}.Debug|Any CPU.ActiveCfg = Debug|Any CPU
		{C2A761A8-A02A-45C3-B05F-1572EE765CBB}.Debug|Any CPU.Build.0 = Debug|Any CPU
		{C2A761A8-A02A-45C3-B05F-1572EE765CBB}.Release|Any CPU.ActiveCfg = Release|Any CPU
		{C2A761A8-A02A-45C3-B05F-1572EE765CBB}.Release|Any CPU.Build.0 = Release|Any CPU
		{0A86D3E1-1F37-4A8C-821C-E9F7AF519E03}.Debug|Any CPU.ActiveCfg = Debug|Any CPU
		{0A86D3E1-1F37-4A8C-821C-E9F7AF519E03}.Debug|Any CPU.Build.0 = Debug|Any CPU
		{0A86D3E1-1F37-4A8C-821C-E9F7AF519E03}.Release|Any CPU.ActiveCfg = Release|Any CPU
		{0A86D3E1-1F37-4A8C-821C-E9F7AF519E03}.Release|Any CPU.Build.0 = Release|Any CPU
		{AB3C1EA8-1D4F-485A-B433-76219B1759C9}.Debug|Any CPU.ActiveCfg = Debug|Any CPU
		{AB3C1EA8-1D4F-485A-B433-76219B1759C9}.Debug|Any CPU.Build.0 = Debug|Any CPU
		{AB3C1EA8-1D4F-485A-B433-76219B1759C9}.Release|Any CPU.ActiveCfg = Release|Any CPU
		{AB3C1EA8-1D4F-485A-B433-76219B1759C9}.Release|Any CPU.Build.0 = Release|Any CPU
		{6480B9B0-9679-4363-A0CE-EA0D3058A542}.Debug|Any CPU.ActiveCfg = Debug|Any CPU
		{6480B9B0-9679-4363-A0CE-EA0D3058A542}.Debug|Any CPU.Build.0 = Debug|Any CPU
		{6480B9B0-9679-4363-A0CE-EA0D3058A542}.Release|Any CPU.ActiveCfg = Release|Any CPU
		{6480B9B0-9679-4363-A0CE-EA0D3058A542}.Release|Any CPU.Build.0 = Release|Any CPU
		{873A0E5D-9DCE-4875-94B1-68110C5678EC}.Debug|Any CPU.ActiveCfg = Debug|Any CPU
		{873A0E5D-9DCE-4875-94B1-68110C5678EC}.Debug|Any CPU.Build.0 = Debug|Any CPU
		{873A0E5D-9DCE-4875-94B1-68110C5678EC}.Release|Any CPU.ActiveCfg = Release|Any CPU
		{873A0E5D-9DCE-4875-94B1-68110C5678EC}.Release|Any CPU.Build.0 = Release|Any CPU
		{0F36066F-52AA-4B72-A401-8C11C69162EC}.Debug|Any CPU.ActiveCfg = Debug|Any CPU
		{0F36066F-52AA-4B72-A401-8C11C69162EC}.Debug|Any CPU.Build.0 = Debug|Any CPU
		{0F36066F-52AA-4B72-A401-8C11C69162EC}.Release|Any CPU.ActiveCfg = Release|Any CPU
		{0F36066F-52AA-4B72-A401-8C11C69162EC}.Release|Any CPU.Build.0 = Release|Any CPU
=======
		{4F8C9F91-292E-46D7-A3A1-AFFE72CDB9FA}.Debug|Any CPU.ActiveCfg = Debug|Any CPU
		{4F8C9F91-292E-46D7-A3A1-AFFE72CDB9FA}.Debug|Any CPU.Build.0 = Debug|Any CPU
		{4F8C9F91-292E-46D7-A3A1-AFFE72CDB9FA}.Release|Any CPU.ActiveCfg = Release|Any CPU
		{4F8C9F91-292E-46D7-A3A1-AFFE72CDB9FA}.Release|Any CPU.Build.0 = Release|Any CPU
		{60C4F980-64D0-4F16-91CF-D1EBAFDDBE3F}.Debug|Any CPU.ActiveCfg = Debug|Any CPU
		{60C4F980-64D0-4F16-91CF-D1EBAFDDBE3F}.Debug|Any CPU.Build.0 = Debug|Any CPU
		{60C4F980-64D0-4F16-91CF-D1EBAFDDBE3F}.Release|Any CPU.ActiveCfg = Release|Any CPU
		{60C4F980-64D0-4F16-91CF-D1EBAFDDBE3F}.Release|Any CPU.Build.0 = Release|Any CPU
		{DFC15174-972A-4ABC-BEE5-F1304237BF59}.Debug|Any CPU.ActiveCfg = Debug|Any CPU
		{DFC15174-972A-4ABC-BEE5-F1304237BF59}.Debug|Any CPU.Build.0 = Debug|Any CPU
		{DFC15174-972A-4ABC-BEE5-F1304237BF59}.Release|Any CPU.ActiveCfg = Release|Any CPU
		{DFC15174-972A-4ABC-BEE5-F1304237BF59}.Release|Any CPU.Build.0 = Release|Any CPU
		{03768441-FB92-4704-932F-71E4BA166ABC}.Debug|Any CPU.ActiveCfg = Debug|Any CPU
		{03768441-FB92-4704-932F-71E4BA166ABC}.Debug|Any CPU.Build.0 = Debug|Any CPU
		{03768441-FB92-4704-932F-71E4BA166ABC}.Release|Any CPU.ActiveCfg = Release|Any CPU
		{03768441-FB92-4704-932F-71E4BA166ABC}.Release|Any CPU.Build.0 = Release|Any CPU
		{77E141F9-1823-4958-8038-A1DAB2A6F733}.Debug|Any CPU.ActiveCfg = Debug|Any CPU
		{77E141F9-1823-4958-8038-A1DAB2A6F733}.Debug|Any CPU.Build.0 = Debug|Any CPU
		{77E141F9-1823-4958-8038-A1DAB2A6F733}.Release|Any CPU.ActiveCfg = Release|Any CPU
		{77E141F9-1823-4958-8038-A1DAB2A6F733}.Release|Any CPU.Build.0 = Release|Any CPU
		{91554AB5-C69D-4728-908B-3A291EA0CCAD}.Debug|Any CPU.ActiveCfg = Debug|Any CPU
		{91554AB5-C69D-4728-908B-3A291EA0CCAD}.Debug|Any CPU.Build.0 = Debug|Any CPU
		{91554AB5-C69D-4728-908B-3A291EA0CCAD}.Release|Any CPU.ActiveCfg = Release|Any CPU
		{91554AB5-C69D-4728-908B-3A291EA0CCAD}.Release|Any CPU.Build.0 = Release|Any CPU
		{2B2C4F45-72AB-4DCC-99C9-39ACD99DAF4E}.Debug|Any CPU.ActiveCfg = Debug|Any CPU
		{2B2C4F45-72AB-4DCC-99C9-39ACD99DAF4E}.Debug|Any CPU.Build.0 = Debug|Any CPU
		{2B2C4F45-72AB-4DCC-99C9-39ACD99DAF4E}.Release|Any CPU.ActiveCfg = Release|Any CPU
		{2B2C4F45-72AB-4DCC-99C9-39ACD99DAF4E}.Release|Any CPU.Build.0 = Release|Any CPU
		{F3C0DA1B-4189-4532-9DA3-0B43435CFD2D}.Debug|Any CPU.ActiveCfg = Debug|Any CPU
		{F3C0DA1B-4189-4532-9DA3-0B43435CFD2D}.Debug|Any CPU.Build.0 = Debug|Any CPU
		{F3C0DA1B-4189-4532-9DA3-0B43435CFD2D}.Release|Any CPU.ActiveCfg = Release|Any CPU
		{F3C0DA1B-4189-4532-9DA3-0B43435CFD2D}.Release|Any CPU.Build.0 = Release|Any CPU
		{B382375B-7FE7-42F7-8561-EBF0A05B298D}.Debug|Any CPU.ActiveCfg = Debug|Any CPU
		{B382375B-7FE7-42F7-8561-EBF0A05B298D}.Debug|Any CPU.Build.0 = Debug|Any CPU
		{B382375B-7FE7-42F7-8561-EBF0A05B298D}.Release|Any CPU.ActiveCfg = Release|Any CPU
		{B382375B-7FE7-42F7-8561-EBF0A05B298D}.Release|Any CPU.Build.0 = Release|Any CPU
		{8D813AFA-0165-4BCE-AD87-3EA87A08842C}.Debug|Any CPU.ActiveCfg = Debug|Any CPU
		{8D813AFA-0165-4BCE-AD87-3EA87A08842C}.Debug|Any CPU.Build.0 = Debug|Any CPU
		{8D813AFA-0165-4BCE-AD87-3EA87A08842C}.Release|Any CPU.ActiveCfg = Release|Any CPU
		{8D813AFA-0165-4BCE-AD87-3EA87A08842C}.Release|Any CPU.Build.0 = Release|Any CPU
		{859C288B-893F-4AA8-A02B-C6D4AD00C737}.Debug|Any CPU.ActiveCfg = Debug|Any CPU
		{859C288B-893F-4AA8-A02B-C6D4AD00C737}.Debug|Any CPU.Build.0 = Debug|Any CPU
		{859C288B-893F-4AA8-A02B-C6D4AD00C737}.Release|Any CPU.ActiveCfg = Release|Any CPU
		{859C288B-893F-4AA8-A02B-C6D4AD00C737}.Release|Any CPU.Build.0 = Release|Any CPU
		{D536946D-BDF6-4A84-BB86-E6876B4149AB}.Debug|Any CPU.ActiveCfg = Debug|Any CPU
		{D536946D-BDF6-4A84-BB86-E6876B4149AB}.Debug|Any CPU.Build.0 = Debug|Any CPU
		{D536946D-BDF6-4A84-BB86-E6876B4149AB}.Release|Any CPU.ActiveCfg = Release|Any CPU
		{D536946D-BDF6-4A84-BB86-E6876B4149AB}.Release|Any CPU.Build.0 = Release|Any CPU
		{F00DB07B-5980-4D22-8C68-D494D3CA3484}.Debug|Any CPU.ActiveCfg = Debug|Any CPU
		{F00DB07B-5980-4D22-8C68-D494D3CA3484}.Debug|Any CPU.Build.0 = Debug|Any CPU
		{F00DB07B-5980-4D22-8C68-D494D3CA3484}.Release|Any CPU.ActiveCfg = Release|Any CPU
		{F00DB07B-5980-4D22-8C68-D494D3CA3484}.Release|Any CPU.Build.0 = Release|Any CPU
>>>>>>> 213a163982977ef8a0201d427b2555b7089f5f90
	EndGlobalSection
	GlobalSection(SolutionProperties) = preSolution
		HideSolutionNode = FALSE
	EndGlobalSection
	GlobalSection(NestedProjects) = preSolution
		{B51450A4-6EC7-49D2-B648-072349F4CCFB} = {EE91AEB7-C2A5-40BD-A7B5-14B1CE0BDE03}
		{11801622-304B-4EEA-A8B8-53AA3938D481} = {EE91AEB7-C2A5-40BD-A7B5-14B1CE0BDE03}
		{4F8C9F91-292E-46D7-A3A1-AFFE72CDB9FA} = {B51450A4-6EC7-49D2-B648-072349F4CCFB}
		{60C4F980-64D0-4F16-91CF-D1EBAFDDBE3F} = {B51450A4-6EC7-49D2-B648-072349F4CCFB}
		{DFC15174-972A-4ABC-BEE5-F1304237BF59} = {B51450A4-6EC7-49D2-B648-072349F4CCFB}
		{03768441-FB92-4704-932F-71E4BA166ABC} = {B51450A4-6EC7-49D2-B648-072349F4CCFB}
		{91554AB5-C69D-4728-908B-3A291EA0CCAD} = {03B94E91-BFBD-44B1-ABCF-DEB9137F1357}
		{2B2C4F45-72AB-4DCC-99C9-39ACD99DAF4E} = {03B94E91-BFBD-44B1-ABCF-DEB9137F1357}
		{F3C0DA1B-4189-4532-9DA3-0B43435CFD2D} = {03B94E91-BFBD-44B1-ABCF-DEB9137F1357}
		{B382375B-7FE7-42F7-8561-EBF0A05B298D} = {03B94E91-BFBD-44B1-ABCF-DEB9137F1357}
		{8D813AFA-0165-4BCE-AD87-3EA87A08842C} = {44AF81CF-BD65-4539-AD19-E618B873F9C1}
	EndGlobalSection
	GlobalSection(ExtensibilityGlobals) = postSolution
		SolutionGuid = {8CDADC51-5B18-49C0-B293-94E81431EEF5}
	EndGlobalSection
EndGlobal
